<?xml version="1.0" encoding="utf-8"?>
<Project ToolsVersion="4.0" xmlns="http://schemas.microsoft.com/developer/msbuild/2003">
  <ItemGroup>
    <Filter Include="Include">
      <UniqueIdentifier>{93995380-89BD-4b04-88EB-625FBE52EBFB}</UniqueIdentifier>
      <Extensions>h;hh;hpp;hxx;h++;hm;inl;inc;ipp;xsd</Extensions>
    </Filter>
    <Filter Include="Source">
      <UniqueIdentifier>{4FC737F1-C7A5-4376-A066-2A32D752A2FF}</UniqueIdentifier>
      <Extensions>cpp;c;cc;cxx;c++;cppm;ixx;def;odl;idl;hpj;bat;asm;asmx</Extensions>
    </Filter>
    <Filter Include="Shared">
      <UniqueIdentifier>{297576e6-9b03-4ac6-a40a-217bc2e52979}</UniqueIdentifier>
    </Filter>
    <Filter Include="Shared\Source">
      <UniqueIdentifier>{a6b4337a-fe8b-4f4d-a507-5fa6a631f5ee}</UniqueIdentifier>
    </Filter>
    <Filter Include="Shared\External">
      <UniqueIdentifier>{824ff20f-2470-4ab4-b145-8ab754f0b8ac}</UniqueIdentifier>
    </Filter>
    <Filter Include="Shared\Include">
      <UniqueIdentifier>{126638fe-e4ba-4085-b813-a6beabcf9f30}</UniqueIdentifier>
    </Filter>
  </ItemGroup>
  <ItemGroup>
    <ClCompile Include="main.cpp">
      <Filter>Source</Filter>
    </ClCompile>
    <ClCompile Include="..\Shared\Source\Lace.cpp">
      <Filter>Shared\Source</Filter>
    </ClCompile>
    <ClCompile Include="..\Shared\Source\OpenGl.cpp">
      <Filter>Shared\Source</Filter>
    </ClCompile>
    <ClCompile Include="..\Shared\Source\Ops.cpp">
      <Filter>Shared\Source</Filter>
    </ClCompile>
    <ClCompile Include="..\Shared\Source\Session.cpp">
      <Filter>Shared\Source</Filter>
    </ClCompile>
    <ClCompile Include="Window.cpp">
      <Filter>Source</Filter>
    </ClCompile>
    <ClCompile Include="..\Shared\Include\External\glad.c">
      <Filter>Shared\External</Filter>
    </ClCompile>
    <ClCompile Include="Kernel.cpp">
      <Filter>Source</Filter>
    </ClCompile>
    <ClCompile Include="Bvh.cpp">
      <Filter>Source</Filter>
    </ClCompile>
    <ClCompile Include="Particle.cpp">
      <Filter>Source</Filter>
    </ClCompile>
    <ClCompile Include="Pathtracer.cpp">
      <Filter>Source</Filter>
    </ClCompile>
  </ItemGroup>
  <ItemGroup>
    <ClInclude Include="..\Shared\Include\Glm.hpp">
      <Filter>Shared\Include</Filter>
    </ClInclude>
    <ClInclude Include="..\Shared\Include\Include.hpp">
      <Filter>Shared\Include</Filter>
    </ClInclude>
    <ClInclude Include="..\Shared\Include\Lace.hpp">
      <Filter>Shared\Include</Filter>
    </ClInclude>
    <ClInclude Include="..\Shared\Include\Macros.hpp">
      <Filter>Shared\Include</Filter>
    </ClInclude>
    <ClInclude Include="..\Shared\Include\OpenGl.hpp">
      <Filter>Shared\Include</Filter>
    </ClInclude>
    <ClInclude Include="..\Shared\Include\Ops.hpp">
      <Filter>Shared\Include</Filter>
    </ClInclude>
    <ClInclude Include="..\Shared\Include\Session.hpp">
      <Filter>Shared\Include</Filter>
    </ClInclude>
    <ClInclude Include="..\Shared\Include\Shared.hpp">
      <Filter>Shared\Include</Filter>
    </ClInclude>
    <ClInclude Include="..\Shared\Include\String.hpp">
      <Filter>Shared\Include</Filter>
    </ClInclude>
    <ClInclude Include="..\Shared\Include\Types.hpp">
      <Filter>Shared\Include</Filter>
    </ClInclude>
    <ClInclude Include="Window.hpp">
      <Filter>Include</Filter>
    </ClInclude>
    <ClInclude Include="Kernel.hpp">
      <Filter>Include</Filter>
    </ClInclude>
    <ClInclude Include="Lut.hpp">
      <Filter>Include</Filter>
    </ClInclude>
    <ClInclude Include="Bvh.hpp">
      <Filter>Include</Filter>
    </ClInclude>
    <ClInclude Include="Particle.hpp">
      <Filter>Include</Filter>
    </ClInclude>
    <ClInclude Include="Pathtracer.hpp">
      <Filter>Include</Filter>
    </ClInclude>
  </ItemGroup>
</Project>