<?xml version="1.0" encoding="utf-8"?>
<Project ToolsVersion="4.0" xmlns="http://schemas.microsoft.com/developer/msbuild/2003">
  <ItemGroup>
    <ClInclude Include="Include\Glm.hpp">
      <Filter>Include</Filter>
    </ClInclude>
    <ClInclude Include="Include\Include.hpp">
      <Filter>Include</Filter>
    </ClInclude>
    <ClInclude Include="Include\Lace.hpp">
      <Filter>Include</Filter>
    </ClInclude>
    <ClInclude Include="Include\Macros.hpp">
      <Filter>Include</Filter>
    </ClInclude>
    <ClInclude Include="Include\OpenGl.hpp">
      <Filter>Include</Filter>
    </ClInclude>
    <ClInclude Include="Include\Ops.hpp">
      <Filter>Include</Filter>
    </ClInclude>
    <ClInclude Include="Include\Session.hpp">
      <Filter>Include</Filter>
    </ClInclude>
    <ClInclude Include="Include\Shared.hpp">
      <Filter>Include</Filter>
    </ClInclude>
    <ClInclude Include="Include\String.hpp">
      <Filter>Include</Filter>
    </ClInclude>
    <ClInclude Include="Include\Types.hpp">
      <Filter>Include</Filter>
    </ClInclude>
    <ClInclude Include="Include\External\stb_image.h" />
  </ItemGroup>
  <ItemGroup>
    <ClCompile Include="Source\Session.cpp">
      <Filter>Source</Filter>
    </ClCompile>
    <ClCompile Include="Source\Lace.cpp">
      <Filter>Source</Filter>
    </ClCompile>
    <ClCompile Include="Source\OpenGl.cpp">
      <Filter>Source</Filter>
    </ClCompile>
    <ClCompile Include="Source\Ops.cpp">
      <Filter>Source</Filter>
    </ClCompile>
    <ClCompile Include="Include\External\glad.c" />
  </ItemGroup>
  <ItemGroup>
    <Filter Include="Include">
      <UniqueIdentifier>{ff411c55-94f6-4742-b98e-c91f247249a6}</UniqueIdentifier>
    </Filter>
    <Filter Include="Source">
      <UniqueIdentifier>{1a5186e0-3700-4ed3-846b-304de73b93d1}</UniqueIdentifier>
    </Filter>
    <Filter Include="External">
      <UniqueIdentifier>{c547368e-83d3-4502-b59c-5ac6cded8a9b}</UniqueIdentifier>
    </Filter>
  </ItemGroup>
</Project>